
Microsoft Visual Studio Solution File, Format Version 12.00
# Visual Studio Version 16
VisualStudioVersion = 16.0.31025.194
MinimumVisualStudioVersion = 10.0.40219.1
Project("{FAE04EC0-301F-11D3-BF4B-00C04F79EFBC}") = "PetersSecCalc", "PetersSecCalc\PetersSecCalc.csproj", "{2CB99118-94D2-4BE1-A279-BA494E06C503}"
EndProject
Project("{FAE04EC0-301F-11D3-BF4B-00C04F79EFBC}") = "UnitTests", "UnitTests\UnitTests.csproj", "{35337BE7-A85A-4A9B-B068-6EB7603BF435}"
EndProject
Global
	GlobalSection(SolutionConfigurationPlatforms) = preSolution
		Debug|Any CPU = Debug|Any CPU
		Release|Any CPU = Release|Any CPU
	EndGlobalSection
	GlobalSection(ProjectConfigurationPlatforms) = postSolution
		{2CB99118-94D2-4BE1-A279-BA494E06C503}.Debug|Any CPU.ActiveCfg = Debug|Any CPU
		{2CB99118-94D2-4BE1-A279-BA494E06C503}.Debug|Any CPU.Build.0 = Debug|Any CPU
		{2CB99118-94D2-4BE1-A279-BA494E06C503}.Release|Any CPU.ActiveCfg = Release|Any CPU
		{2CB99118-94D2-4BE1-A279-BA494E06C503}.Release|Any CPU.Build.0 = Release|Any CPU
		{35337BE7-A85A-4A9B-B068-6EB7603BF435}.Debug|Any CPU.ActiveCfg = Debug|Any CPU
		{35337BE7-A85A-4A9B-B068-6EB7603BF435}.Debug|Any CPU.Build.0 = Debug|Any CPU
		{35337BE7-A85A-4A9B-B068-6EB7603BF435}.Release|Any CPU.ActiveCfg = Release|Any CPU
		{35337BE7-A85A-4A9B-B068-6EB7603BF435}.Release|Any CPU.Build.0 = Release|Any CPU
	EndGlobalSection
	GlobalSection(SolutionProperties) = preSolution
		HideSolutionNode = FALSE
	EndGlobalSection
	GlobalSection(ExtensibilityGlobals) = postSolution
		SolutionGuid = {7BECF38B-1FE5-4092-BF75-C58382A14089}
	EndGlobalSection
EndGlobal
